<?xml version="1.0" encoding="utf-8"?>
<Project ToolsVersion="4.0" xmlns="http://schemas.microsoft.com/developer/msbuild/2003">
  <ItemGroup>
    <Filter Include="Header Files">
      <UniqueIdentifier>{d1d9ae96-8d2e-4a69-a313-22e6723aa067}</UniqueIdentifier>
    </Filter>
    <Filter Include="Source Files">
      <UniqueIdentifier>{abe10f2c-1fc1-47d7-8712-d2435dcd70fe}</UniqueIdentifier>
    </Filter>
    <Filter Include="TwinCAT UM Files">
      <UniqueIdentifier>{a26fdf6b-dfeb-4c6c-8828-eff7d9f18a08}</UniqueIdentifier>
    </Filter>
    <Filter Include="TwinCAT RT Files">
      <UniqueIdentifier>{8c0e0a62-4598-4ac1-9611-54598d5e6d4f}</UniqueIdentifier>
    </Filter>
    <Filter Include="TwinCAT OS Files">
      <UniqueIdentifier>{f81f247c-86ba-4fd4-a09f-3388b23b9fc8}</UniqueIdentifier>
    </Filter>
    <Filter Include="TMC Files">
      <UniqueIdentifier>{4aa4331e-7511-4b1d-9e06-912afd088f66}</UniqueIdentifier>
    </Filter>
  </ItemGroup>
  <ItemGroup>
    <ClInclude Include="Resource.h">
      <Filter>TwinCAT UM Files</Filter>
    </ClInclude>
    <ClInclude Include="TcPch.h">
      <Filter>Header Files</Filter>
    </ClInclude>
    <ClInclude Include="MyFirstTrafoClassFactory.h">
      <Filter>Header Files</Filter>
    </ClInclude>
    <ClInclude Include="MyFirstTrafoInterfaces.h">
      <Filter>Header Files</Filter>
    </ClInclude>
    <ClInclude Include="MyFirstTrafoServices.h">
      <Filter>Header Files</Filter>
    </ClInclude>
    <ClInclude Include="MyFirstTrafoCtrl.h">
      <Filter>TwinCAT UM Files</Filter>
    </ClInclude>
    <ClInclude Include="MyFirstTrafoDriver.h">
      <Filter>TwinCAT RT Files</Filter>
    </ClInclude>
    <ClInclude Include="MyFirstTrafo.h">
      <Filter>Header Files</Filter>
    </ClInclude>
  </ItemGroup>
  <ItemGroup>
    <ClCompile Include="TcPch.cpp">
      <Filter>Source Files</Filter>
    </ClCompile>
    <ClCompile Include="MyFirstTrafoClassFactory.cpp">
      <Filter>Source Files</Filter>
    </ClCompile>
    <ClCompile Include="MyFirstTrafoCtrl.cpp">
      <Filter>TwinCAT UM Files</Filter>
    </ClCompile>
    <ClCompile Include="MyFirstTrafoW32.cpp">
      <Filter>TwinCAT UM Files</Filter>
    </ClCompile>
    <ClCompile Include="MyFirstTrafoDriver.cpp">
      <Filter>TwinCAT RT Files</Filter>
    </ClCompile>
    <ClCompile Include="MyFirstTrafoMain.cpp">
      <Filter>TwinCAT OS Files</Filter>
    </ClCompile>
    <ClCompile Include="MyFirstTrafo.cpp">
      <Filter>Source Files</Filter>
    </ClCompile>
  </ItemGroup>
  <ItemGroup>
    <ResourceCompile Include="MyFirstTrafo.rc">
      <Filter>Source Files</Filter>
    </ResourceCompile>
    <ResourceCompile Include="MyFirstTrafoW32.rc">
      <Filter>TwinCAT UM Files</Filter>
    </ResourceCompile>
  </ItemGroup>
  <ItemGroup>
    <None Include="MyFirstTrafoW32.def">
      <Filter>TwinCAT UM Files</Filter>
    </None>
    <None Include="MyFirstTrafo.tmc">
      <Filter>TMC Files</Filter>
    </None>
  </ItemGroup>
  <ItemGroup>
    <Midl Include="MyFirstTrafoW32.idl">
      <Filter>TwinCAT UM Files</Filter>
    </Midl>
  </ItemGroup>
</Project>